hash: 5a52dc428baf8df49ea259ec8bc2d17cdfb1c29bbc6c94b49eeba8f723725100
updated: 2016-07-27T19:36:42.592843158+09:00
imports:
- name: github.com/cloudfoundry-incubator/candiedyaml
  version: 99c3df83b51532e3615f851d8c2dbb638f5313bf
- name: github.com/coreos/etcd
  version: a75688bd1778756e86329e89980802e382440a67
  subpackages:
  - client
  - pkg/pathutil
  - pkg/types
- name: github.com/docker/docker
  version: 6857c0a040cc3aabadd0dbf2a1a517ddc3d02fc8
  subpackages:
  - pkg/urlutil
  - runconfig/opts
  - opts
  - pkg/archive
  - pkg/fileutils
  - pkg/homedir
  - pkg/stdcopy
  - pkg/mount
  - pkg/signal
  - pkg/idtools
  - pkg/ioutils
  - pkg/pools
  - pkg/promise
  - pkg/system
  - pkg/longpath
- name: github.com/docker/engine-api
  version: dccf10e58ac9d544c9f7fadcc3f60a8413d0df98
  subpackages:
  - types/strslice
  - types
  - types/blkiodev
  - types/container
  - types/network
  - types/filters
  - types/registry
  - types/swarm
  - types/versions
- name: github.com/docker/go-connections
  version: 990a1a1a70b0da4c4cb70e117971a4f0babfbf1a
  subpackages:
  - nat
- name: github.com/docker/go-units
  version: f2d77a61e3c169b43402a0a1e84f06daf29b8190
- name: github.com/docker/libcompose
  version: e1a83f7bb6aee428e9d3d68302524c8f04791461
  subpackages:
  - project
  - config
  - lookup
  - utils
  - yaml
  - logger
  - project/events
  - project/options
- name: github.com/flynn/go-shlex
  version: 3f9db97f856818214da2e1057f8ad84803971cff
- name: github.com/fsouza/go-dockerclient
  version: 1b5ec1fc29ec3423c407f26a1e092d6624414891
- name: github.com/hashicorp/go-cleanhttp
  version: ad28ea4487f05916463e2423a55166280e8254b5
- name: github.com/kelseyhightower/envconfig
  version: 91921eb4cf999321cdbeebdba5a03555800d493b
- name: github.com/opencontainers/runc
  version: 522674998576b3aefdde233ffab20f763b83ac19
  subpackages:
  - libcontainer/user
- name: github.com/pkg/errors
  version: 01fa4104b9c248c8945d14d9f128454d5b28d595
- name: github.com/Sirupsen/logrus
  version: a283a10442df8dc09befd873fab202bf8a253d6a
- name: github.com/spf13/pflag
  version: 1560c1005499d61b80f865c04d39ca7505bf7f0b
- name: github.com/ugorji/go
  version: 3487a5545b3d480987dfb0492035299077fab33a
  subpackages:
  - codec
- name: github.com/xeipuuv/gojsonpointer
  version: e0fe6f68307607d540ed8eac07a342c33fa1b54a
- name: github.com/xeipuuv/gojsonreference
  version: e02fc20de94c78484cd5ffb007f8af96be030a45
- name: github.com/xeipuuv/gojsonschema
  version: 0a98b2bd93655a563d1f23c4407e8f01791b6b31
- name: golang.org/x/net
  version: 6a513affb38dc9788b449d59ffed099b8de18fa0
  subpackages:
  - context
- name: golang.org/x/sys
  version: a646d33e2ee3172a661fc09bca23bb4889a41bc8
  subpackages:
  - unix
- name: gopkg.in/yaml.v2
  version: e4d366fc3c7938e2958e662b4258c7a89e1f0e3e
testImports: []
